
Microsoft Visual Studio Solution File, Format Version 12.00
# Visual Studio 15
VisualStudioVersion = 15.0.27004.2005
MinimumVisualStudioVersion = 10.0.40219.1
Project("{FAE04EC0-301F-11D3-BF4B-00C04F79EFBC}") = "GoalSeek", "GoalSeek\GoalSeek.csproj", "{FF13D78B-E899-4A9D-9C39-1BBBD6CC1D96}"
EndProject
Global
	GlobalSection(SolutionConfigurationPlatforms) = preSolution
		Debug|Any CPU = Debug|Any CPU
		Release|Any CPU = Release|Any CPU
	EndGlobalSection
	GlobalSection(ProjectConfigurationPlatforms) = postSolution
		{FF13D78B-E899-4A9D-9C39-1BBBD6CC1D96}.Debug|Any CPU.ActiveCfg = Debug|Any CPU
		{FF13D78B-E899-4A9D-9C39-1BBBD6CC1D96}.Debug|Any CPU.Build.0 = Debug|Any CPU
		{FF13D78B-E899-4A9D-9C39-1BBBD6CC1D96}.Release|Any CPU.ActiveCfg = Release|Any CPU
		{FF13D78B-E899-4A9D-9C39-1BBBD6CC1D96}.Release|Any CPU.Build.0 = Release|Any CPU
	EndGlobalSection
	GlobalSection(SolutionProperties) = preSolution
		HideSolutionNode = FALSE
	EndGlobalSection
	GlobalSection(ExtensibilityGlobals) = postSolution
		SolutionGuid = {FAE674DE-5FFB-4531-A1F9-CA4B6D348A0A}
	EndGlobalSection
EndGlobal
